
Microsoft Visual Studio Solution File, Format Version 12.00
# Visual Studio Version 17
VisualStudioVersion = 17.1.32319.34
MinimumVisualStudioVersion = 10.0.40219.1
Project("{FAE04EC0-301F-11D3-BF4B-00C04F79EFBC}") = "EstruturaDecisao", "EstruturaDecisao\EstruturaDecisao.csproj", "{AF5D2747-8D40-446A-B4A2-12E5DAFCB1E3}"
EndProject
Global
	GlobalSection(SolutionConfigurationPlatforms) = preSolution
		Debug|Any CPU = Debug|Any CPU
		Release|Any CPU = Release|Any CPU
	EndGlobalSection
	GlobalSection(ProjectConfigurationPlatforms) = postSolution
		{AF5D2747-8D40-446A-B4A2-12E5DAFCB1E3}.Debug|Any CPU.ActiveCfg = Debug|Any CPU
		{AF5D2747-8D40-446A-B4A2-12E5DAFCB1E3}.Debug|Any CPU.Build.0 = Debug|Any CPU
		{AF5D2747-8D40-446A-B4A2-12E5DAFCB1E3}.Release|Any CPU.ActiveCfg = Release|Any CPU
		{AF5D2747-8D40-446A-B4A2-12E5DAFCB1E3}.Release|Any CPU.Build.0 = Release|Any CPU
	EndGlobalSection
	GlobalSection(SolutionProperties) = preSolution
		HideSolutionNode = FALSE
	EndGlobalSection
	GlobalSection(ExtensibilityGlobals) = postSolution
		SolutionGuid = {017BD32C-7ED0-4C8D-B494-8C5FFEAB6C86}
	EndGlobalSection
EndGlobal
