
Microsoft Visual Studio Solution File, Format Version 12.00
# Visual Studio Version 17
VisualStudioVersion = 17.1.32319.34
MinimumVisualStudioVersion = 10.0.40219.1
Project("{FAE04EC0-301F-11D3-BF4B-00C04F79EFBC}") = "EstruturaDecisaoOperadoresLogicos", "EstruturaDecisaoOperadoresLogicos\EstruturaDecisaoOperadoresLogicos.csproj", "{4EAF0AA8-CDA0-4C7A-956E-D9B931CD8AA1}"
EndProject
Global
	GlobalSection(SolutionConfigurationPlatforms) = preSolution
		Debug|Any CPU = Debug|Any CPU
		Release|Any CPU = Release|Any CPU
	EndGlobalSection
	GlobalSection(ProjectConfigurationPlatforms) = postSolution
		{4EAF0AA8-CDA0-4C7A-956E-D9B931CD8AA1}.Debug|Any CPU.ActiveCfg = Debug|Any CPU
		{4EAF0AA8-CDA0-4C7A-956E-D9B931CD8AA1}.Debug|Any CPU.Build.0 = Debug|Any CPU
		{4EAF0AA8-CDA0-4C7A-956E-D9B931CD8AA1}.Release|Any CPU.ActiveCfg = Release|Any CPU
		{4EAF0AA8-CDA0-4C7A-956E-D9B931CD8AA1}.Release|Any CPU.Build.0 = Release|Any CPU
	EndGlobalSection
	GlobalSection(SolutionProperties) = preSolution
		HideSolutionNode = FALSE
	EndGlobalSection
	GlobalSection(ExtensibilityGlobals) = postSolution
		SolutionGuid = {BBEC480C-14E3-4EF2-A00F-CC5169F891E2}
	EndGlobalSection
EndGlobal
