
Microsoft Visual Studio Solution File, Format Version 12.00
# Visual Studio Version 17
VisualStudioVersion = 17.1.32319.34
MinimumVisualStudioVersion = 10.0.40219.1
Project("{FAE04EC0-301F-11D3-BF4B-00C04F79EFBC}") = "Variaveis", "Variaveis\Variaveis.csproj", "{B3EBD127-C9E7-4560-A733-72317060CCFD}"
EndProject
Global
	GlobalSection(SolutionConfigurationPlatforms) = preSolution
		Debug|Any CPU = Debug|Any CPU
		Release|Any CPU = Release|Any CPU
	EndGlobalSection
	GlobalSection(ProjectConfigurationPlatforms) = postSolution
		{B3EBD127-C9E7-4560-A733-72317060CCFD}.Debug|Any CPU.ActiveCfg = Debug|Any CPU
		{B3EBD127-C9E7-4560-A733-72317060CCFD}.Debug|Any CPU.Build.0 = Debug|Any CPU
		{B3EBD127-C9E7-4560-A733-72317060CCFD}.Release|Any CPU.ActiveCfg = Release|Any CPU
		{B3EBD127-C9E7-4560-A733-72317060CCFD}.Release|Any CPU.Build.0 = Release|Any CPU
	EndGlobalSection
	GlobalSection(SolutionProperties) = preSolution
		HideSolutionNode = FALSE
	EndGlobalSection
	GlobalSection(ExtensibilityGlobals) = postSolution
		SolutionGuid = {0DE3F931-5A9C-4150-9F3A-A4E6CA205FC9}
	EndGlobalSection
EndGlobal
